PODS:
  - Capacitor (2.2.0):
    - CapacitorCordova
  - CapacitorCommunityTwitter (0.0.1):
    - Capacitor
    - TwitterKit5
  - CapacitorCordova (2.2.0)
  - TwitterCore (3.2.0)
  - TwitterKit5 (5.0.3):
    - TwitterCore (>= 3.1.0)

DEPENDENCIES:
  - "Capacitor (from `../../node_modules/@capacitor/ios`)"
  - "CapacitorCommunityTwitter (from `../../node_modules/@capacitor-community/twitter`)"
  - "CapacitorCordova (from `../../node_modules/@capacitor/ios`)"

SPEC REPOS:
  trunk:
    - TwitterCore
    - TwitterKit5

EXTERNAL SOURCES:
  Capacitor:
    :path: "../../node_modules/@capacitor/ios"
  CapacitorCommunityTwitter:
    :path: "../../node_modules/@capacitor-community/twitter"
  CapacitorCordova:
    :path: "../../node_modules/@capacitor/ios"

SPEC CHECKSUMS:
  Capacitor: a8c89aa7384374b805ccc175b4a3374472b5941e
  CapacitorCommunityTwitter: 631caeb210673688cc98c9db5e2a873b24f1c368
  CapacitorCordova: a77bb95d31143546af63577154d9852d33c62a82
  TwitterCore: 8cbc9ad34d91c63a0035ea05bfbfc0d7ca72a28c
  TwitterKit5: 78ca8256478fcf4fa86fc66f5504d753f5b4be44

PODFILE CHECKSUM: 55ad2474a76abd42f82e754b722902c8a95c6bdc

COCOAPODS: 1.9.1
